{
  "requires": true,
  "lockfileVersion": 1,
  "dependencies": {
    "ansi-styles": {
      "version": "3.2.1",
      "resolved": "https://registry.npmjs.org/ansi-styles/-/ansi-styles-3.2.1.tgz",
      "integrity": "sha512-VT0ZI6kZRdTh8YyJw3SMbYm/u+NqfsAxEpWO0Pf9sq8/e94WxxOpPKx9FR1FlyCtOVDNOQ+8ntlqFxiRc+r5qA==",
      "requires": {
        "color-convert": "^1.9.0"
      }
    },
    "ansy": {
      "version": "1.0.14",
      "resolved": "https://registry.npmjs.org/ansy/-/ansy-1.0.14.tgz",
      "integrity": "sha512-6EZU3oFiAFR5KdxMfBC7L9A5WtMSO9rXietMuQ0STnHx2n2qgrDld+7JkT2j9FHWRVOHekdH5nMs5Hry4oJzyg==",
      "requires": {
        "ansi-styles": "^3.0.0",
        "custom-return": "^1.0.0",
        "supports-color": "^3.1.2",
        "ul": "^5.2.1"
      }
    },
    "benchmark": {
      "version": "2.1.4",
      "resolved": "https://registry.npmjs.org/benchmark/-/benchmark-2.1.4.tgz",
      "integrity": "sha1-CfPeMckWQl1JjMLuVloOvzwqVik=",
      "requires": {
        "lodash": "^4.17.4",
        "platform": "^1.3.3"
      }
    },
    "cli-table": {
      "version": "0.3.1",
      "resolved": "https://registry.npmjs.org/cli-table/-/cli-table-0.3.1.tgz",
      "integrity": "sha1-9TsFJmqLGguTSz0IIebi3FkUriM=",
      "requires": {
        "colors": "1.0.3"
      }
    },
    "color-convert": {
      "version": "1.9.3",
      "resolved": "https://registry.npmjs.org/color-convert/-/color-convert-1.9.3.tgz",
      "integrity": "sha512-QfAUtd+vFdAtFQcC8CCyYt1fYWxSqAiK2cSD6zDB8N3cpsEBAvRxp9zOGg6G/SHHJYAT88/az/IuDGALsNVbGg==",
      "requires": {
        "color-name": "1.1.3"
      }
    },
    "color-it": {
      "version": "1.2.11",
      "resolved": "https://registry.npmjs.org/color-it/-/color-it-1.2.11.tgz",
      "integrity": "sha512-h5sw1F/paJHxzSCsXVBAOGAK6vHUO17yPbVmFENNwYNGAZotOvHMBSS+BieLBbruyfa8aIf6YDrUwnCLFNmEiQ==",
      "requires": {
        "couleurs": "^6.0.6",
        "flat-colors": "^3.1.0",
        "iterate-object": "^1.1.0",
        "typpy": "^2.3.3"
      }
    },
    "color-name": {
      "version": "1.1.3",
      "resolved": "https://registry.npmjs.org/color-name/-/color-name-1.1.3.tgz",
      "integrity": "sha1-p9BVi9icQveV3UIyj3QIMcpTvCU="
    },
    "colors": {
      "version": "1.0.3",
      "resolved": "https://registry.npmjs.org/colors/-/colors-1.0.3.tgz",
      "integrity": "sha1-BDP0TYCWgP3rYO0mDxsMJi6CpAs="
    },
    "couleurs": {
      "version": "6.0.10",
      "resolved": "https://registry.npmjs.org/couleurs/-/couleurs-6.0.10.tgz",
      "integrity": "sha512-16ZvhVjVhEP75sMflsPtXcwbly+79os1zhBVcpRWNmnwifEbZChW+0URYING/A2ehBwp8i0pOXJYzdpiGO3Ivw==",
      "requires": {
        "ansy": "^1.0.0",
        "color-convert": "^1.0.0",
        "iterate-object": "^1.3.1",
        "typpy": "^2.3.1"
      }
    },
    "custom-return": {
      "version": "1.0.11",
      "resolved": "https://registry.npmjs.org/custom-return/-/custom-return-1.0.11.tgz",
      "integrity": "sha512-CM64m2bV2IQ1MiKRErXR3mRlIiFkIjkQGktTMVPXbmmKCZEiO/YGUlrg69/Gg2tGTSNv+Kyd3+bNJEJIlxhZbA==",
      "requires": {
        "noop6": "^1.0.0"
      }
    },
    "deffy": {
      "version": "2.2.3",
      "resolved": "https://registry.npmjs.org/deffy/-/deffy-2.2.3.tgz",
      "integrity": "sha512-c5JD8Z6V1aBWVzn1+aELL97R1pHCwEjXeU3hZXdigkZkxb9vhgFP162kAxGXl992TtAg0btwQyx7d54CqcQaXQ==",
      "requires": {
        "typpy": "^2.0.0"
      }
    },
    "flat-colors": {
      "version": "3.3.11",
      "resolved": "https://registry.npmjs.org/flat-colors/-/flat-colors-3.3.11.tgz",
      "integrity": "sha512-JLOPZKATex6dUscEn2pbvYiNPbUoxubBN+wu2meJ/V4j6Jhuw3fJaPQBoOIk2D9Ndq1l6GAhiw+SW7d//Lg3Dg=="
    },
    "function.name": {
      "version": "1.0.12",
      "resolved": "https://registry.npmjs.org/function.name/-/function.name-1.0.12.tgz",
      "integrity": "sha512-C7Tu+rAFrWW5RjXqtKtXp2xOdCujq+4i8ZH3w0uz/xrYHBwXZrPt96x8cDAEHrIjeyEv/Jm6iDGyqupbaVQTlw==",
      "requires": {
        "noop6": "^1.0.1"
      }
    },
    "has-flag": {
      "version": "1.0.0",
      "resolved": "https://registry.npmjs.org/has-flag/-/has-flag-1.0.0.tgz",
      "integrity": "sha1-nZ55MWXOAXoA8AQYxD+UKnsdEfo="
    },
    "iterate-object": {
      "version": "1.3.3",
      "resolved": "https://registry.npmjs.org/iterate-object/-/iterate-object-1.3.3.tgz",
      "integrity": "sha512-DximWbkke36cnrSfNJv6bgcB2QOMV9PRD2FiowwzCoMsh8RupFLdbNIzWe+cVDWT+NIMNJgGlB1dGxP6kpzGtA=="
    },
    "lodash": {
      "version": "4.17.13",
      "resolved": "https://registry.npmjs.org/lodash/-/lodash-4.17.13.tgz",
      "integrity": "sha512-vm3/XWXfWtRua0FkUyEHBZy8kCPjErNBT9fJx8Zvs+U6zjqPbTUOpkaoum3O5uiA8sm+yNMHXfYkTUHFoMxFNA=="
    },
    "noop6": {
      "version": "1.0.8",
      "resolved": "https://registry.npmjs.org/noop6/-/noop6-1.0.8.tgz",
      "integrity": "sha512-+Al5csMVc40I8xRfJsyBcN1IbpyvebOuQmMfxdw+AL6ECELey12ANgNTRhMfTwNIDU4W9W0g8EHLcsb3+3qPFA=="
    },
    "platform": {
      "version": "1.3.5",
      "resolved": "https://registry.npmjs.org/platform/-/platform-1.3.5.tgz",
      "integrity": "sha512-TuvHS8AOIZNAlE77WUDiR4rySV/VMptyMfcfeoMgs4P8apaZM3JrnbzBiixKUv+XR6i+BXrQh8WAnjaSPFO65Q=="
    },
    "supports-color": {
      "version": "3.2.3",
      "resolved": "https://registry.npmjs.org/supports-color/-/supports-color-3.2.3.tgz",
      "integrity": "sha1-ZawFBLOVQXHYpklGsq48u4pfVPY=",
      "requires": {
        "has-flag": "^1.0.0"
      }
    },
    "typpy": {
      "version": "2.3.11",
      "resolved": "https://registry.npmjs.org/typpy/-/typpy-2.3.11.tgz",
      "integrity": "sha512-Jh/fykZSaxeKO0ceMAs6agki9T5TNA9kiIR6fzKbvafKpIw8UlNlHhzuqKyi5lfJJ5VojJOx9tooIbyy7vHV/g==",
      "requires": {
        "function.name": "^1.0.3"
      }
    },
    "ul": {
      "version": "5.2.14",
      "resolved": "https://registry.npmjs.org/ul/-/ul-5.2.14.tgz",
      "integrity": "sha512-VaIRQZ5nkEd8VtI3OYo5qNbhHQuBtPtu5k5GrYaKCmcP1H+FkuWtS+XFTSU1oz5GiuAg2FJL5ka8ufr9zdm8eg==",
      "requires": {
        "deffy": "^2.2.2",
        "typpy": "^2.3.4"
      }
    }
  }
}
